
Microsoft Visual Studio Solution File, Format Version 12.00
# Visual Studio Version 17
VisualStudioVersion = 17.0.32014.148
MinimumVisualStudioVersion = 10.0.40219.1
Project("{FAE04EC0-301F-11D3-BF4B-00C04F79EFBC}") = "SecondQuestionMicrosoftTest", "SecondQuestionMicrosoftTest\SecondQuestionMicrosoftTest.csproj", "{09AC2774-C751-4E01-9549-52AC09C45B38}"
EndProject
Global
	GlobalSection(SolutionConfigurationPlatforms) = preSolution
		Debug|Any CPU = Debug|Any CPU
		Release|Any CPU = Release|Any CPU
	EndGlobalSection
	GlobalSection(ProjectConfigurationPlatforms) = postSolution
		{09AC2774-C751-4E01-9549-52AC09C45B38}.Debug|Any CPU.ActiveCfg = Debug|Any CPU
		{09AC2774-C751-4E01-9549-52AC09C45B38}.Debug|Any CPU.Build.0 = Debug|Any CPU
		{09AC2774-C751-4E01-9549-52AC09C45B38}.Release|Any CPU.ActiveCfg = Release|Any CPU
		{09AC2774-C751-4E01-9549-52AC09C45B38}.Release|Any CPU.Build.0 = Release|Any CPU
	EndGlobalSection
	GlobalSection(SolutionProperties) = preSolution
		HideSolutionNode = FALSE
	EndGlobalSection
	GlobalSection(ExtensibilityGlobals) = postSolution
		SolutionGuid = {72C95893-0607-4F77-B9BC-7E9EB1E17430}
	EndGlobalSection
EndGlobal
